
Microsoft Visual Studio Solution File, Format Version 12.00
# Visual Studio 15
VisualStudioVersion = 15.0.28307.421
MinimumVisualStudioVersion = 10.0.40219.1
Project("{FAE04EC0-301F-11D3-BF4B-00C04F79EFBC}") = "TicTacToeBST", "TicTacToeBST\TicTacToeBST.csproj", "{48A1B37B-CE60-45A2-AA24-BF3EE8A4AFB7}"
EndProject
Global
	GlobalSection(SolutionConfigurationPlatforms) = preSolution
		Debug|Any CPU = Debug|Any CPU
		Release|Any CPU = Release|Any CPU
	EndGlobalSection
	GlobalSection(ProjectConfigurationPlatforms) = postSolution
		{48A1B37B-CE60-45A2-AA24-BF3EE8A4AFB7}.Debug|Any CPU.ActiveCfg = Debug|Any CPU
		{48A1B37B-CE60-45A2-AA24-BF3EE8A4AFB7}.Debug|Any CPU.Build.0 = Debug|Any CPU
		{48A1B37B-CE60-45A2-AA24-BF3EE8A4AFB7}.Release|Any CPU.ActiveCfg = Release|Any CPU
		{48A1B37B-CE60-45A2-AA24-BF3EE8A4AFB7}.Release|Any CPU.Build.0 = Release|Any CPU
	EndGlobalSection
	GlobalSection(SolutionProperties) = preSolution
		HideSolutionNode = FALSE
	EndGlobalSection
	GlobalSection(ExtensibilityGlobals) = postSolution
		SolutionGuid = {3ECD0AC1-4F10-42B8-B43E-67352D81A971}
	EndGlobalSection
EndGlobal
