
Microsoft Visual Studio Solution File, Format Version 12.00
# Visual Studio 15
VisualStudioVersion = 15.0.28307.421
MinimumVisualStudioVersion = 10.0.40219.1
Project("{FAE04EC0-301F-11D3-BF4B-00C04F79EFBC}") = "JumpingOnCloudsRevisited", "JumpingOnCloudsRevisited\JumpingOnCloudsRevisited.csproj", "{38572A45-8B70-4EF5-B463-E6C09AB07C33}"
EndProject
Global
	GlobalSection(SolutionConfigurationPlatforms) = preSolution
		Debug|Any CPU = Debug|Any CPU
		Release|Any CPU = Release|Any CPU
	EndGlobalSection
	GlobalSection(ProjectConfigurationPlatforms) = postSolution
		{38572A45-8B70-4EF5-B463-E6C09AB07C33}.Debug|Any CPU.ActiveCfg = Debug|Any CPU
		{38572A45-8B70-4EF5-B463-E6C09AB07C33}.Debug|Any CPU.Build.0 = Debug|Any CPU
		{38572A45-8B70-4EF5-B463-E6C09AB07C33}.Release|Any CPU.ActiveCfg = Release|Any CPU
		{38572A45-8B70-4EF5-B463-E6C09AB07C33}.Release|Any CPU.Build.0 = Release|Any CPU
	EndGlobalSection
	GlobalSection(SolutionProperties) = preSolution
		HideSolutionNode = FALSE
	EndGlobalSection
	GlobalSection(ExtensibilityGlobals) = postSolution
		SolutionGuid = {F8C4D8C4-183B-42EE-A3A7-F7DEEF5CF1D1}
	EndGlobalSection
EndGlobal
