
Microsoft Visual Studio Solution File, Format Version 12.00
# Visual Studio Version 16
VisualStudioVersion = 16.0.29215.179
MinimumVisualStudioVersion = 10.0.40219.1
Project("{FAE04EC0-301F-11D3-BF4B-00C04F79EFBC}") = "SpecialStringAgain", "SpecialStringAgain.csproj", "{3F163D9D-3686-4814-B094-D0CD4CD318B6}"
EndProject
Global
	GlobalSection(SolutionConfigurationPlatforms) = preSolution
		Debug|Any CPU = Debug|Any CPU
		Release|Any CPU = Release|Any CPU
	EndGlobalSection
	GlobalSection(ProjectConfigurationPlatforms) = postSolution
		{3F163D9D-3686-4814-B094-D0CD4CD318B6}.Debug|Any CPU.ActiveCfg = Debug|Any CPU
		{3F163D9D-3686-4814-B094-D0CD4CD318B6}.Debug|Any CPU.Build.0 = Debug|Any CPU
		{3F163D9D-3686-4814-B094-D0CD4CD318B6}.Release|Any CPU.ActiveCfg = Release|Any CPU
		{3F163D9D-3686-4814-B094-D0CD4CD318B6}.Release|Any CPU.Build.0 = Release|Any CPU
	EndGlobalSection
	GlobalSection(SolutionProperties) = preSolution
		HideSolutionNode = FALSE
	EndGlobalSection
	GlobalSection(ExtensibilityGlobals) = postSolution
		SolutionGuid = {4438147C-CCA7-4C72-92B4-42D74D2DF7C0}
	EndGlobalSection
EndGlobal
