
Microsoft Visual Studio Solution File, Format Version 12.00
# Visual Studio 15
VisualStudioVersion = 15.0.28307.421
MinimumVisualStudioVersion = 10.0.40219.1
Project("{FAE04EC0-301F-11D3-BF4B-00C04F79EFBC}") = "MoreLinkedLists", "MoreLinkedLists\MoreLinkedLists.csproj", "{957C7135-37A2-444C-8394-5CB132A929DC}"
EndProject
Global
	GlobalSection(SolutionConfigurationPlatforms) = preSolution
		Debug|Any CPU = Debug|Any CPU
		Release|Any CPU = Release|Any CPU
	EndGlobalSection
	GlobalSection(ProjectConfigurationPlatforms) = postSolution
		{957C7135-37A2-444C-8394-5CB132A929DC}.Debug|Any CPU.ActiveCfg = Debug|Any CPU
		{957C7135-37A2-444C-8394-5CB132A929DC}.Debug|Any CPU.Build.0 = Debug|Any CPU
		{957C7135-37A2-444C-8394-5CB132A929DC}.Release|Any CPU.ActiveCfg = Release|Any CPU
		{957C7135-37A2-444C-8394-5CB132A929DC}.Release|Any CPU.Build.0 = Release|Any CPU
	EndGlobalSection
	GlobalSection(SolutionProperties) = preSolution
		HideSolutionNode = FALSE
	EndGlobalSection
	GlobalSection(ExtensibilityGlobals) = postSolution
		SolutionGuid = {8CEA9EA6-8232-4F5F-AF65-4F4BF2B9921D}
	EndGlobalSection
EndGlobal
