
Microsoft Visual Studio Solution File, Format Version 12.00
# Visual Studio 15
VisualStudioVersion = 15.0.28307.421
MinimumVisualStudioVersion = 10.0.40219.1
Project("{FAE04EC0-301F-11D3-BF4B-00C04F79EFBC}") = "LevelTravesreBST", "LevelTravesreBST\LevelTravesreBST.csproj", "{4D686B4C-50FB-40A8-9BEF-5ABA70C0A75D}"
EndProject
Global
	GlobalSection(SolutionConfigurationPlatforms) = preSolution
		Debug|Any CPU = Debug|Any CPU
		Release|Any CPU = Release|Any CPU
	EndGlobalSection
	GlobalSection(ProjectConfigurationPlatforms) = postSolution
		{4D686B4C-50FB-40A8-9BEF-5ABA70C0A75D}.Debug|Any CPU.ActiveCfg = Debug|Any CPU
		{4D686B4C-50FB-40A8-9BEF-5ABA70C0A75D}.Debug|Any CPU.Build.0 = Debug|Any CPU
		{4D686B4C-50FB-40A8-9BEF-5ABA70C0A75D}.Release|Any CPU.ActiveCfg = Release|Any CPU
		{4D686B4C-50FB-40A8-9BEF-5ABA70C0A75D}.Release|Any CPU.Build.0 = Release|Any CPU
	EndGlobalSection
	GlobalSection(SolutionProperties) = preSolution
		HideSolutionNode = FALSE
	EndGlobalSection
	GlobalSection(ExtensibilityGlobals) = postSolution
		SolutionGuid = {53AA353A-8C1A-4A0D-8A9C-19F857404F42}
	EndGlobalSection
EndGlobal
