
Microsoft Visual Studio Solution File, Format Version 12.00
# Visual Studio 15
VisualStudioVersion = 15.0.28307.421
MinimumVisualStudioVersion = 10.0.40219.1
Project("{FAE04EC0-301F-11D3-BF4B-00C04F79EFBC}") = "30DaysOfCode", "30DaysOfCode\30DaysOfCode.csproj", "{1C55FE86-283E-454F-939F-C5095A117CF1}"
EndProject
Global
	GlobalSection(SolutionConfigurationPlatforms) = preSolution
		Debug|Any CPU = Debug|Any CPU
		Release|Any CPU = Release|Any CPU
	EndGlobalSection
	GlobalSection(ProjectConfigurationPlatforms) = postSolution
		{1C55FE86-283E-454F-939F-C5095A117CF1}.Debug|Any CPU.ActiveCfg = Debug|Any CPU
		{1C55FE86-283E-454F-939F-C5095A117CF1}.Debug|Any CPU.Build.0 = Debug|Any CPU
		{1C55FE86-283E-454F-939F-C5095A117CF1}.Release|Any CPU.ActiveCfg = Release|Any CPU
		{1C55FE86-283E-454F-939F-C5095A117CF1}.Release|Any CPU.Build.0 = Release|Any CPU
	EndGlobalSection
	GlobalSection(SolutionProperties) = preSolution
		HideSolutionNode = FALSE
	EndGlobalSection
	GlobalSection(ExtensibilityGlobals) = postSolution
		SolutionGuid = {8F363EFA-5650-46FE-9868-6E10409DCD4F}
	EndGlobalSection
EndGlobal
