
Microsoft Visual Studio Solution File, Format Version 12.00
# Visual Studio Version 16
VisualStudioVersion = 16.0.29519.87
MinimumVisualStudioVersion = 10.0.40219.1
Project("{FAE04EC0-301F-11D3-BF4B-00C04F79EFBC}") = "UniqueCharacters", "UniqueCharacters\UniqueCharacters.csproj", "{4E1EDCBA-6563-4F8F-B3EA-0CC6909B8C93}"
EndProject
Global
	GlobalSection(SolutionConfigurationPlatforms) = preSolution
		Debug|Any CPU = Debug|Any CPU
		Release|Any CPU = Release|Any CPU
	EndGlobalSection
	GlobalSection(ProjectConfigurationPlatforms) = postSolution
		{4E1EDCBA-6563-4F8F-B3EA-0CC6909B8C93}.Debug|Any CPU.ActiveCfg = Debug|Any CPU
		{4E1EDCBA-6563-4F8F-B3EA-0CC6909B8C93}.Debug|Any CPU.Build.0 = Debug|Any CPU
		{4E1EDCBA-6563-4F8F-B3EA-0CC6909B8C93}.Release|Any CPU.ActiveCfg = Release|Any CPU
		{4E1EDCBA-6563-4F8F-B3EA-0CC6909B8C93}.Release|Any CPU.Build.0 = Release|Any CPU
	EndGlobalSection
	GlobalSection(SolutionProperties) = preSolution
		HideSolutionNode = FALSE
	EndGlobalSection
	GlobalSection(ExtensibilityGlobals) = postSolution
		SolutionGuid = {351647AF-681A-4540-801A-C876F30D10AF}
	EndGlobalSection
EndGlobal
