
Microsoft Visual Studio Solution File, Format Version 12.00
# Visual Studio 15
VisualStudioVersion = 15.0.28307.421
MinimumVisualStudioVersion = 10.0.40219.1
Project("{FAE04EC0-301F-11D3-BF4B-00C04F79EFBC}") = "AppendAndDelete", "AppendAndDelete\AppendAndDelete.csproj", "{CBA65A90-6B84-45DD-9096-7CAD7A2F78C2}"
EndProject
Global
	GlobalSection(SolutionConfigurationPlatforms) = preSolution
		Debug|Any CPU = Debug|Any CPU
		Release|Any CPU = Release|Any CPU
	EndGlobalSection
	GlobalSection(ProjectConfigurationPlatforms) = postSolution
		{CBA65A90-6B84-45DD-9096-7CAD7A2F78C2}.Debug|Any CPU.ActiveCfg = Debug|Any CPU
		{CBA65A90-6B84-45DD-9096-7CAD7A2F78C2}.Debug|Any CPU.Build.0 = Debug|Any CPU
		{CBA65A90-6B84-45DD-9096-7CAD7A2F78C2}.Release|Any CPU.ActiveCfg = Release|Any CPU
		{CBA65A90-6B84-45DD-9096-7CAD7A2F78C2}.Release|Any CPU.Build.0 = Release|Any CPU
	EndGlobalSection
	GlobalSection(SolutionProperties) = preSolution
		HideSolutionNode = FALSE
	EndGlobalSection
	GlobalSection(ExtensibilityGlobals) = postSolution
		SolutionGuid = {7B56077A-AF38-4B3A-8BE5-0C2E5E6776E6}
	EndGlobalSection
EndGlobal
