
Microsoft Visual Studio Solution File, Format Version 12.00
# Visual Studio Version 16
VisualStudioVersion = 16.0.29519.87
MinimumVisualStudioVersion = 10.0.40219.1
Project("{FAE04EC0-301F-11D3-BF4B-00C04F79EFBC}") = "StringRotation", "StringRotation\StringRotation.csproj", "{E09425D7-5576-406A-B941-58C010940785}"
EndProject
Global
	GlobalSection(SolutionConfigurationPlatforms) = preSolution
		Debug|Any CPU = Debug|Any CPU
		Release|Any CPU = Release|Any CPU
	EndGlobalSection
	GlobalSection(ProjectConfigurationPlatforms) = postSolution
		{E09425D7-5576-406A-B941-58C010940785}.Debug|Any CPU.ActiveCfg = Debug|Any CPU
		{E09425D7-5576-406A-B941-58C010940785}.Debug|Any CPU.Build.0 = Debug|Any CPU
		{E09425D7-5576-406A-B941-58C010940785}.Release|Any CPU.ActiveCfg = Release|Any CPU
		{E09425D7-5576-406A-B941-58C010940785}.Release|Any CPU.Build.0 = Release|Any CPU
	EndGlobalSection
	GlobalSection(SolutionProperties) = preSolution
		HideSolutionNode = FALSE
	EndGlobalSection
	GlobalSection(ExtensibilityGlobals) = postSolution
		SolutionGuid = {787C69F9-E1E4-45E1-81CB-EDE9F0A304A3}
	EndGlobalSection
EndGlobal
