
Microsoft Visual Studio Solution File, Format Version 12.00
# Visual Studio 15
VisualStudioVersion = 15.0.28307.421
MinimumVisualStudioVersion = 10.0.40219.1
Project("{FAE04EC0-301F-11D3-BF4B-00C04F79EFBC}") = "FactorialRecursion", "FactorialRecursion\FactorialRecursion.csproj", "{F1CEF117-0B3D-49A4-9696-18FDC1FFEC59}"
EndProject
Global
	GlobalSection(SolutionConfigurationPlatforms) = preSolution
		Debug|Any CPU = Debug|Any CPU
		Release|Any CPU = Release|Any CPU
	EndGlobalSection
	GlobalSection(ProjectConfigurationPlatforms) = postSolution
		{F1CEF117-0B3D-49A4-9696-18FDC1FFEC59}.Debug|Any CPU.ActiveCfg = Debug|Any CPU
		{F1CEF117-0B3D-49A4-9696-18FDC1FFEC59}.Debug|Any CPU.Build.0 = Debug|Any CPU
		{F1CEF117-0B3D-49A4-9696-18FDC1FFEC59}.Release|Any CPU.ActiveCfg = Release|Any CPU
		{F1CEF117-0B3D-49A4-9696-18FDC1FFEC59}.Release|Any CPU.Build.0 = Release|Any CPU
	EndGlobalSection
	GlobalSection(SolutionProperties) = preSolution
		HideSolutionNode = FALSE
	EndGlobalSection
	GlobalSection(ExtensibilityGlobals) = postSolution
		SolutionGuid = {CEE6BE54-E4D1-4BCE-8DEE-4437D0BDAF51}
	EndGlobalSection
EndGlobal
