
Microsoft Visual Studio Solution File, Format Version 12.00
# Visual Studio 15
VisualStudioVersion = 15.0.28307.421
MinimumVisualStudioVersion = 10.0.40219.1
Project("{FAE04EC0-301F-11D3-BF4B-00C04F79EFBC}") = "DivisibleByK", "DivisibleByK\DivisibleByK.csproj", "{397DDB4E-0EB0-40BF-B22A-D9920F055328}"
EndProject
Global
	GlobalSection(SolutionConfigurationPlatforms) = preSolution
		Debug|Any CPU = Debug|Any CPU
		Release|Any CPU = Release|Any CPU
	EndGlobalSection
	GlobalSection(ProjectConfigurationPlatforms) = postSolution
		{397DDB4E-0EB0-40BF-B22A-D9920F055328}.Debug|Any CPU.ActiveCfg = Debug|Any CPU
		{397DDB4E-0EB0-40BF-B22A-D9920F055328}.Debug|Any CPU.Build.0 = Debug|Any CPU
		{397DDB4E-0EB0-40BF-B22A-D9920F055328}.Release|Any CPU.ActiveCfg = Release|Any CPU
		{397DDB4E-0EB0-40BF-B22A-D9920F055328}.Release|Any CPU.Build.0 = Release|Any CPU
	EndGlobalSection
	GlobalSection(SolutionProperties) = preSolution
		HideSolutionNode = FALSE
	EndGlobalSection
	GlobalSection(ExtensibilityGlobals) = postSolution
		SolutionGuid = {31E39D12-DF29-4AA9-9FE8-73A61CAEA86D}
	EndGlobalSection
EndGlobal
