
Microsoft Visual Studio Solution File, Format Version 12.00
# Visual Studio 15
VisualStudioVersion = 15.0.28307.421
MinimumVisualStudioVersion = 10.0.40219.1
Project("{FAE04EC0-301F-11D3-BF4B-00C04F79EFBC}") = "MinimumSwaps", "MinimumSwaps\MinimumSwaps.csproj", "{0ED23E2E-7C83-45D9-9116-3120AE3FC3D8}"
EndProject
Global
	GlobalSection(SolutionConfigurationPlatforms) = preSolution
		Debug|Any CPU = Debug|Any CPU
		Release|Any CPU = Release|Any CPU
	EndGlobalSection
	GlobalSection(ProjectConfigurationPlatforms) = postSolution
		{0ED23E2E-7C83-45D9-9116-3120AE3FC3D8}.Debug|Any CPU.ActiveCfg = Debug|Any CPU
		{0ED23E2E-7C83-45D9-9116-3120AE3FC3D8}.Debug|Any CPU.Build.0 = Debug|Any CPU
		{0ED23E2E-7C83-45D9-9116-3120AE3FC3D8}.Release|Any CPU.ActiveCfg = Release|Any CPU
		{0ED23E2E-7C83-45D9-9116-3120AE3FC3D8}.Release|Any CPU.Build.0 = Release|Any CPU
	EndGlobalSection
	GlobalSection(SolutionProperties) = preSolution
		HideSolutionNode = FALSE
	EndGlobalSection
	GlobalSection(ExtensibilityGlobals) = postSolution
		SolutionGuid = {CF213850-266D-4B9D-BBBF-2FEEFF21E7F8}
	EndGlobalSection
EndGlobal
