
Microsoft Visual Studio Solution File, Format Version 12.00
# Visual Studio 15
VisualStudioVersion = 15.0.28307.421
MinimumVisualStudioVersion = 10.0.40219.1
Project("{FAE04EC0-301F-11D3-BF4B-00C04F79EFBC}") = "SherlockAndSquares", "SherlockAndSquares\SherlockAndSquares.csproj", "{F627289D-4803-4910-9749-12A6252DC965}"
EndProject
Global
	GlobalSection(SolutionConfigurationPlatforms) = preSolution
		Debug|Any CPU = Debug|Any CPU
		Release|Any CPU = Release|Any CPU
	EndGlobalSection
	GlobalSection(ProjectConfigurationPlatforms) = postSolution
		{F627289D-4803-4910-9749-12A6252DC965}.Debug|Any CPU.ActiveCfg = Debug|Any CPU
		{F627289D-4803-4910-9749-12A6252DC965}.Debug|Any CPU.Build.0 = Debug|Any CPU
		{F627289D-4803-4910-9749-12A6252DC965}.Release|Any CPU.ActiveCfg = Release|Any CPU
		{F627289D-4803-4910-9749-12A6252DC965}.Release|Any CPU.Build.0 = Release|Any CPU
	EndGlobalSection
	GlobalSection(SolutionProperties) = preSolution
		HideSolutionNode = FALSE
	EndGlobalSection
	GlobalSection(ExtensibilityGlobals) = postSolution
		SolutionGuid = {253B8017-5719-478D-B89E-77B2F618E822}
	EndGlobalSection
EndGlobal
