
Microsoft Visual Studio Solution File, Format Version 12.00
# Visual Studio 15
VisualStudioVersion = 15.0.28307.421
MinimumVisualStudioVersion = 10.0.40219.1
Project("{FAE04EC0-301F-11D3-BF4B-00C04F79EFBC}") = "CircularBufferRotation", "CircularBufferRotation\CircularBufferRotation.csproj", "{227F7538-8B17-4BB9-BFC1-5D699BA3D5A1}"
EndProject
Global
	GlobalSection(SolutionConfigurationPlatforms) = preSolution
		Debug|Any CPU = Debug|Any CPU
		Release|Any CPU = Release|Any CPU
	EndGlobalSection
	GlobalSection(ProjectConfigurationPlatforms) = postSolution
		{227F7538-8B17-4BB9-BFC1-5D699BA3D5A1}.Debug|Any CPU.ActiveCfg = Debug|Any CPU
		{227F7538-8B17-4BB9-BFC1-5D699BA3D5A1}.Debug|Any CPU.Build.0 = Debug|Any CPU
		{227F7538-8B17-4BB9-BFC1-5D699BA3D5A1}.Release|Any CPU.ActiveCfg = Release|Any CPU
		{227F7538-8B17-4BB9-BFC1-5D699BA3D5A1}.Release|Any CPU.Build.0 = Release|Any CPU
	EndGlobalSection
	GlobalSection(SolutionProperties) = preSolution
		HideSolutionNode = FALSE
	EndGlobalSection
	GlobalSection(ExtensibilityGlobals) = postSolution
		SolutionGuid = {CF69EAFC-31F9-4BC6-BE11-B04199B17D53}
	EndGlobalSection
EndGlobal
